// !$*UTF8*$!
{
	archiveVersion = 1;
	classes = {
	};
	objectVersion = 56;
	objects = {

/* Begin PBXBuildFile section */
		884FF4262E7E6CAA00C1C682 /* Assets.xcassets in Resources */ = {isa = PBXBuildFile; fileRef = 884FF4142E7E6CAA00C1C682 /* Assets.xcassets */; };
		884FF4272E7E6CAA00C1C682 /* Preview Assets.xcassets in Resources */ = {isa = PBXBuildFile; fileRef = 884FF4162E7E6CAA00C1C682 /* Preview Assets.xcassets */; };
		884FF4282E7E6CAA00C1C682 /* MyiOSAppApp.swift in Sources */ = {isa = PBXBuildFile; fileRef = 884FF4172E7E6CAA00C1C682 /* MyiOSAppApp.swift */; };
		884FF42E2E7E6CAA00C1C682 /* ExportOptions.plist in Resources */ = {isa = PBXBuildFile; fileRef = 884FF4202E7E6CAA00C1C682 /* ExportOptions.plist */; };
		884FF42F2E7E6CAA00C1C682 /* Manifest.plist in Resources */ = {isa = PBXBuildFile; fileRef = 884FF4222E7E6CAA00C1C682 /* Manifest.plist */; };
		884FF4302E7E6CAA00C1C682 /* index.html in Resources */ = {isa = PBXBuildFile; fileRef = 884FF4232E7E6CAA00C1C682 /* index.html */; };
		884FF4382E7E6DE600C1C682 /* ContentView.swift in Sources */ = {isa = PBXBuildFile; fileRef = 884FF4372E7E6DE600C1C682 /* ContentView.swift */; };
		888609A52E80386F006948EE /* ReceiptData.swift in Sources */ = {isa = PBXBuildFile; fileRef = 888609A42E80386F006948EE /* ReceiptData.swift */; };
		888609A72E80397C006948EE /* HistoryView.swift in Sources */ = {isa = PBXBuildFile; fileRef = 888609A62E80397C006948EE /* HistoryView.swift */; };
		888609A92E803A9D006948EE /* PDFGenerator.swift in Sources */ = {isa = PBXBuildFile; fileRef = 888609A82E803A9D006948EE /* PDFGenerator.swift */; };
		888609AB2E803ABE006948EE /* ReceiptPreviewView.swift in Sources */ = {isa = PBXBuildFile; fileRef = 888609AA2E803ABE006948EE /* ReceiptPreviewView.swift */; };
		888609AD2E803AEA006948EE /* ReceiptView.swift in Sources */ = {isa = PBXBuildFile; fileRef = 888609AC2E803AEA006948EE /* ReceiptView.swift */; };
		888609AF2E803B1D006948EE /* TemplateView.swift in Sources */ = {isa = PBXBuildFile; fileRef = 888609AE2E803B1D006948EE /* TemplateView.swift */; };
/* End PBXBuildFile section */

/* Begin PBXContainerItemProxy section */
		88577ACA2E734E1500078321 /* PBXContainerItemProxy */ = {
			isa = PBXContainerItemProxy;
			containerPortal = 88577AB02E734E1300078321 /* Project object */;
			proxyType = 1;
			remoteGlobalIDString = 88577AB72E734E1300078321;
			remoteInfo = MyiOSApp;
		};
		88577AD42E734E1500078321 /* PBXContainerItemProxy */ = {
			isa = PBXContainerItemProxy;
			containerPortal = 88577AB02E734E1300078321 /* Project object */;
			proxyType = 1;
			remoteGlobalIDString = 88577AB72E734E1300078321;
			remoteInfo = MyiOSApp;
		};
/* End PBXContainerItemProxy section */

/* Begin PBXFileReference section */
		884FF4102E7E6CAA00C1C682 /* MyiOSApp.xcodeproj */ = {isa = PBXFileReference; lastKnownFileType = "wrapper.pb-project"; path = MyiOSApp.xcodeproj; sourceTree = "<group>"; };
		884FF4142E7E6CAA00C1C682 /* Assets.xcassets */ = {isa = PBXFileReference; lastKnownFileType = folder.assetcatalog; path = Assets.xcassets; sourceTree = "<group>"; };
		884FF4162E7E6CAA00C1C682 /* Preview Assets.xcassets */ = {isa = PBXFileReference; lastKnownFileType = folder.assetcatalog; path = "Preview Assets.xcassets"; sourceTree = "<group>"; };
		884FF4172E7E6CAA00C1C682 /* MyiOSAppApp.swift */ = {isa = PBXFileReference; fileEncoding = 4; lastKnownFileType = sourcecode.swift; path = MyiOSAppApp.swift; sourceTree = "<group>"; };
		884FF4182E7E6CAA00C1C682 /* MyiOSApp.entitlements */ = {isa = PBXFileReference; fileEncoding = 4; lastKnownFileType = text.plist.entitlements; path = MyiOSApp.entitlements; sourceTree = "<group>"; };
		884FF41C2E7E6CAA00C1C682 /* MyiOSAppUITestsLaunchTests.swift */ = {isa = PBXFileReference; fileEncoding = 4; lastKnownFileType = sourcecode.swift; path = MyiOSAppUITestsLaunchTests.swift; sourceTree = "<group>"; };
		884FF41D2E7E6CAA00C1C682 /* MyiOSAppUITests.swift */ = {isa = PBXFileReference; fileEncoding = 4; lastKnownFileType = sourcecode.swift; path = MyiOSAppUITests.swift; sourceTree = "<group>"; };
		884FF41F2E7E6CAA00C1C682 /* MyiOSAppTests.swift */ = {isa = PBXFileReference; fileEncoding = 4; lastKnownFileType = sourcecode.swift; path = MyiOSAppTests.swift; sourceTree = "<group>"; };
		884FF4202E7E6CAA00C1C682 /* ExportOptions.plist */ = {isa = PBXFileReference; fileEncoding = 4; lastKnownFileType = text.plist.xml; path = ExportOptions.plist; sourceTree = "<group>"; };
		884FF4222E7E6CAA00C1C682 /* Manifest.plist */ = {isa = PBXFileReference; fileEncoding = 4; lastKnownFileType = text.plist.xml; path = Manifest.plist; sourceTree = "<group>"; };
		884FF4232E7E6CAA00C1C682 /* index.html */ = {isa = PBXFileReference; fileEncoding = 4; lastKnownFileType = text.html; path = index.html; sourceTree = "<group>"; };
		884FF4372E7E6DE600C1C682 /* ContentView.swift */ = {isa = PBXFileReference; lastKnownFileType = sourcecode.swift; path = ContentView.swift; sourceTree = "<group>"; };
		88577AB82E734E1300078321 /* MyiOSApp.app */ = {isa = PBXFileReference; explicitFileType = wrapper.application; includeInIndex = 0; path = MyiOSApp.app; sourceTree = BUILT_PRODUCTS_DIR; };
		88577AC92E734E1500078321 /* MyiOSAppTests.xctest */ = {isa = PBXFileReference; explicitFileType = wrapper.cfbundle; includeInIndex = 0; path = MyiOSAppTests.xctest; sourceTree = BUILT_PRODUCTS_DIR; };
		88577ACD2E734E1500078321 /* MyiOSAppTests.swift */ = {isa = PBXFileReference; lastKnownFileType = sourcecode.swift; path = MyiOSAppTests.swift; sourceTree = "<group>"; };
		88577AD32E734E1500078321 /* MyiOSAppUITests.xctest */ = {isa = PBXFileReference; explicitFileType = wrapper.cfbundle; includeInIndex = 0; path = MyiOSAppUITests.xctest; sourceTree = BUILT_PRODUCTS_DIR; };
		88577AD72E734E1500078321 /* MyiOSAppUITests.swift */ = {isa = PBXFileReference; lastKnownFileType = sourcecode.swift; path = MyiOSAppUITests.swift; sourceTree = "<group>"; };
		88577AD92E734E1500078321 /* MyiOSAppUITestsLaunchTests.swift */ = {isa = PBXFileReference; lastKnownFileType = sourcecode.swift; path = MyiOSAppUITestsLaunchTests.swift; sourceTree = "<group>"; };
		888609A42E80386F006948EE /* ReceiptData.swift */ = {isa = PBXFileReference; lastKnownFileType = sourcecode.swift; path = ReceiptData.swift; sourceTree = "<group>"; };
		888609A62E80397C006948EE /* HistoryView.swift */ = {isa = PBXFileReference; lastKnownFileType = sourcecode.swift; path = HistoryView.swift; sourceTree = "<group>"; };
		888609A82E803A9D006948EE /* PDFGenerator.swift */ = {isa = PBXFileReference; lastKnownFileType = sourcecode.swift; path = PDFGenerator.swift; sourceTree = "<group>"; };
		888609AA2E803ABE006948EE /* ReceiptPreviewView.swift */ = {isa = PBXFileReference; lastKnownFileType = sourcecode.swift; path = ReceiptPreviewView.swift; sourceTree = "<group>"; };
		888609AC2E803AEA006948EE /* ReceiptView.swift */ = {isa = PBXFileReference; lastKnownFileType = sourcecode.swift; path = ReceiptView.swift; sourceTree = "<group>"; };
		888609AE2E803B1D006948EE /* TemplateView.swift */ = {isa = PBXFileReference; lastKnownFileType = sourcecode.swift; path = TemplateView.swift; sourceTree = "<group>"; };
/* End PBXFileReference section */

/* Begin PBXFrameworksBuildPhase section */
		88577AB52E734E1300078321 /* Frameworks */ = {
			isa = PBXFrameworksBuildPhase;
			buildActionMask = 2147483647;
			files = (
			);
			runOnlyForDeploymentPostprocessing = 0;
		};
		88577AC62E734E1500078321 /* Frameworks */ = {
			isa = PBXFrameworksBuildPhase;
			buildActionMask = 2147483647;
			files = (
			);
			runOnlyForDeploymentPostprocessing = 0;
		};
		88577AD02E734E1500078321 /* Frameworks */ = {
			isa = PBXFrameworksBuildPhase;
			buildActionMask = 2147483647;
			files = (
			);
			runOnlyForDeploymentPostprocessing = 0;
		};
/* End PBXFrameworksBuildPhase section */

/* Begin PBXGroup section */
		884FF40F2E7E6CAA00C1C682 /* MyiOSApp */ = {
			isa = PBXGroup;
			children = (
				884FF4102E7E6CAA00C1C682 /* MyiOSApp.xcodeproj */,
				884FF4132E7E6CAA00C1C682 /* MyiOSApp */,
				884FF41B2E7E6CAA00C1C682 /* MyiOSAppUITests */,
				884FF41E2E7E6CAA00C1C682 /* MyiOSAppTests */,
				884FF4202E7E6CAA00C1C682 /* ExportOptions.plist */,
				884FF4212E7E6CAA00C1C682 /* static */,
			);
			name = MyiOSApp;
			sourceTree = "<group>";
		};
		884FF4112E7E6CAA00C1C682 /* Products */ = {
			isa = PBXGroup;
			name = Products;
			sourceTree = "<group>";
		};
		884FF4132E7E6CAA00C1C682 /* MyiOSApp */ = {
			isa = PBXGroup;
			children = (
				884FF4142E7E6CAA00C1C682 /* Assets.xcassets */,
				884FF4372E7E6DE600C1C682 /* ContentView.swift */,
				884FF4152E7E6CAA00C1C682 /* Preview Content */,
				884FF4172E7E6CAA00C1C682 /* MyiOSAppApp.swift */,
				884FF4182E7E6CAA00C1C682 /* MyiOSApp.entitlements */,
				888609A42E80386F006948EE /* ReceiptData.swift */,
				888609A62E80397C006948EE /* HistoryView.swift */,
				888609A82E803A9D006948EE /* PDFGenerator.swift */,
				888609AA2E803ABE006948EE /* ReceiptPreviewView.swift */,
				888609AC2E803AEA006948EE /* ReceiptView.swift */,
				888609AE2E803B1D006948EE /* TemplateView.swift */,
			);
			path = MyiOSApp;
			sourceTree = "<group>";
		};
		884FF4152E7E6CAA00C1C682 /* Preview Content */ = {
			isa = PBXGroup;
			children = (
				884FF4162E7E6CAA00C1C682 /* Preview Assets.xcassets */,
			);
			path = "Preview Content";
			sourceTree = "<group>";
		};
		884FF41B2E7E6CAA00C1C682 /* MyiOSAppUITests */ = {
			isa = PBXGroup;
			children = (
				884FF41C2E7E6CAA00C1C682 /* MyiOSAppUITestsLaunchTests.swift */,
				884FF41D2E7E6CAA00C1C682 /* MyiOSAppUITests.swift */,
			);
			path = MyiOSAppUITests;
			sourceTree = "<group>";
		};
		884FF41E2E7E6CAA00C1C682 /* MyiOSAppTests */ = {
			isa = PBXGroup;
			children = (
				884FF41F2E7E6CAA00C1C682 /* MyiOSAppTests.swift */,
			);
			path = MyiOSAppTests;
			sourceTree = "<group>";
		};
		884FF4212E7E6CAA00C1C682 /* static */ = {
			isa = PBXGroup;
			children = (
				884FF4222E7E6CAA00C1C682 /* Manifest.plist */,
				884FF4232E7E6CAA00C1C682 /* index.html */,
			);
			path = static;
			sourceTree = "<group>";
		};
		88577AAF2E734E1300078321 = {
			isa = PBXGroup;
			children = (
				884FF40F2E7E6CAA00C1C682 /* MyiOSApp */,
				88577ACC2E734E1500078321 /* MyiOSAppTests */,
				88577AD62E734E1500078321 /* MyiOSAppUITests */,
				88577AB92E734E1300078321 /* Products */,
			);
			sourceTree = "<group>";
		};
		88577AB92E734E1300078321 /* Products */ = {
			isa = PBXGroup;
			children = (
				88577AB82E734E1300078321 /* MyiOSApp.app */,
				88577AC92E734E1500078321 /* MyiOSAppTests.xctest */,
				88577AD32E734E1500078321 /* MyiOSAppUITests.xctest */,
			);
			name = Products;
			sourceTree = "<group>";
		};
		88577ACC2E734E1500078321 /* MyiOSAppTests */ = {
			isa = PBXGroup;
			children = (
				88577ACD2E734E1500078321 /* MyiOSAppTests.swift */,
			);
			path = MyiOSAppTests;
			sourceTree = "<group>";
		};
		88577AD62E734E1500078321 /* MyiOSAppUITests */ = {
			isa = PBXGroup;
			children = (
				88577AD72E734E1500078321 /* MyiOSAppUITests.swift */,
				88577AD92E734E1500078321 /* MyiOSAppUITestsLaunchTests.swift */,
			);
			path = MyiOSAppUITests;
			sourceTree = "<group>";
		};
/* End PBXGroup section */

/* Begin PBXNativeTarget section */
		88577AB72E734E1300078321 /* MyiOSApp */ = {
			isa = PBXNativeTarget;
			buildConfigurationList = 88577ADD2E734E1500078321 /* Build configuration list for PBXNativeTarget "MyiOSApp" */;
			buildPhases = (
				88577AB52E734E1300078321 /* Frameworks */,
				88577AB42E734E1300078321 /* Sources */,
				88577AB62E734E1300078321 /* Resources */,
			);
			buildRules = (
			);
			dependencies = (
			);
			name = MyiOSApp;
			productName = MyiOSApp;
			productReference = 88577AB82E734E1300078321 /* MyiOSApp.app */;
			productType = "com.apple.product-type.application";
		};
		88577AC82E734E1500078321 /* MyiOSAppTests */ = {
			isa = PBXNativeTarget;
			buildConfigurationList = 88577AE02E734E1500078321 /* Build configuration list for PBXNativeTarget "MyiOSAppTests" */;
			buildPhases = (
				88577AC52E734E1500078321 /* Sources */,
				88577AC62E734E1500078321 /* Frameworks */,
				88577AC72E734E1500078321 /* Resources */,
			);
			buildRules = (
			);
			dependencies = (
				88577ACB2E734E1500078321 /* PBXTargetDependency */,
			);
			name = MyiOSAppTests;
			productName = MyiOSAppTests;
			productReference = 88577AC92E734E1500078321 /* MyiOSAppTests.xctest */;
			productType = "com.apple.product-type.bundle.unit-test";
		};
		88577AD22E734E1500078321 /* MyiOSAppUITests */ = {
			isa = PBXNativeTarget;
			buildConfigurationList = 88577AE32E734E1500078321 /* Build configuration list for PBXNativeTarget "MyiOSAppUITests" */;
			buildPhases = (
				88577ACF2E734E1500078321 /* Sources */,
				88577AD02E734E1500078321 /* Frameworks */,
				88577AD12E734E1500078321 /* Resources */,
			);
			buildRules = (
			);
			dependencies = (
				88577AD52E734E1500078321 /* PBXTargetDependency */,
			);
			name = MyiOSAppUITests;
			productName = MyiOSAppUITests;
			productReference = 88577AD32E734E1500078321 /* MyiOSAppUITests.xctest */;
			productType = "com.apple.product-type.bundle.ui-testing";
		};
/* End PBXNativeTarget section */

/* Begin PBXProject section */
		88577AB02E734E1300078321 /* Project object */ = {
			isa = PBXProject;
			attributes = {
				BuildIndependentTargetsInParallel = 1;
				LastSwiftUpdateCheck = 1420;
				LastUpgradeCheck = 1420;
				TargetAttributes = {
					88577AB72E734E1300078321 = {
						CreatedOnToolsVersion = 14.2;
					};
					88577AC82E734E1500078321 = {
						CreatedOnToolsVersion = 14.2;
						TestTargetID = 88577AB72E734E1300078321;
					};
					88577AD22E734E1500078321 = {
						CreatedOnToolsVersion = 14.2;
						TestTargetID = 88577AB72E734E1300078321;
					};
				};
			};
			buildConfigurationList = 88577AB32E734E1300078321 /* Build configuration list for PBXProject "MyiOSApp" */;
			compatibilityVersion = "Xcode 14.0";
			developmentRegion = en;
			hasScannedForEncodings = 0;
			knownRegions = (
				en,
				Base,
			);
			mainGroup = 88577AAF2E734E1300078321;
			productRefGroup = 88577AB92E734E1300078321 /* Products */;
			projectDirPath = "";
			projectReferences = (
				{
					ProductGroup = 884FF4112E7E6CAA00C1C682 /* Products */;
					ProjectRef = 884FF4102E7E6CAA00C1C682 /* MyiOSApp.xcodeproj */;
				},
			);
			projectRoot = "";
			targets = (
				88577AB72E734E1300078321 /* MyiOSApp */,
				88577AC82E734E1500078321 /* MyiOSAppTests */,
				88577AD22E734E1500078321 /* MyiOSAppUITests */,
			);
		};
/* End PBXProject section */

/* Begin PBXResourcesBuildPhase section */
		88577AB62E734E1300078321 /* Resources */ = {
			isa = PBXResourcesBuildPhase;
			buildActionMask = 2147483647;
			files = (
				884FF4302E7E6CAA00C1C682 /* index.html in Resources */,
				884FF4272E7E6CAA00C1C682 /* Preview Assets.xcassets in Resources */,
				884FF42F2E7E6CAA00C1C682 /* Manifest.plist in Resources */,
				884FF42E2E7E6CAA00C1C682 /* ExportOptions.plist in Resources */,
				884FF4262E7E6CAA00C1C682 /* Assets.xcassets in Resources */,
			);
			runOnlyForDeploymentPostprocessing = 0;
		};
		88577AC72E734E1500078321 /* Resources */ = {
			isa = PBXResourcesBuildPhase;
			buildActionMask = 2147483647;
			files = (
			);
			runOnlyForDeploymentPostprocessing = 0;
		};
		88577AD12E734E1500078321 /* Resources */ = {
			isa = PBXResourcesBuildPhase;
			buildActionMask = 2147483647;
			files = (
			);
			runOnlyForDeploymentPostprocessing = 0;
		};
/* End PBXResourcesBuildPhase section */

/* Begin PBXSourcesBuildPhase section */
		88577AB42E734E1300078321 /* Sources */ = {
			isa = PBXSourcesBuildPhase;
			buildActionMask = 2147483647;
			files = (
				884FF4382E7E6DE600C1C682 /* ContentView.swift in Sources */,
				888609A92E803A9D006948EE /* PDFGenerator.swift in Sources */,
				888609A72E80397C006948EE /* HistoryView.swift in Sources */,
				888609A52E80386F006948EE /* ReceiptData.swift in Sources */,
				888609AF2E803B1D006948EE /* TemplateView.swift in Sources */,
				888609AD2E803AEA006948EE /* ReceiptView.swift in Sources */,
				888609AB2E803ABE006948EE /* ReceiptPreviewView.swift in Sources */,
				884FF4282E7E6CAA00C1C682 /* MyiOSAppApp.swift in Sources */,
			);
			runOnlyForDeploymentPostprocessing = 0;
		};
		88577AC52E734E1500078321 /* Sources */ = {
			isa = PBXSourcesBuildPhase;
			buildActionMask = 2147483647;
			files = (
			);
			runOnlyForDeploymentPostprocessing = 0;
		};
		88577ACF2E734E1500078321 /* Sources */ = {
			isa = PBXSourcesBuildPhase;
			buildActionMask = 2147483647;
			files = (
			);
			runOnlyForDeploymentPostprocessing = 0;
		};
/* End PBXSourcesBuildPhase section */

/* Begin PBXTargetDependency section */
		88577ACB2E734E1500078321 /* PBXTargetDependency */ = {
			isa = PBXTargetDependency;
			target = 88577AB72E734E1300078321 /* MyiOSApp */;
			targetProxy = 88577ACA2E734E1500078321 /* PBXContainerItemProxy */;
		};
		88577AD52E734E1500078321 /* PBXTargetDependency */ = {
			isa = PBXTargetDependency;
			target = 88577AB72E734E1300078321 /* MyiOSApp */;
			targetProxy = 88577AD42E734E1500078321 /* PBXContainerItemProxy */;
		};
/* End PBXTargetDependency section */

/* Begin XCBuildConfiguration section */
		88577ADB2E734E1500078321 /* Debug */ = {
			isa = XCBuildConfiguration;
			buildSettings = {
				ALWAYS_SEARCH_USER_PATHS = NO;
				CLANG_ANALYZER_NONNULL = YES;
				CLANG_ANALYZER_NUMBER_OBJECT_CONVERSION = YES_AGGRESSIVE;
				CLANG_CXX_LANGUAGE_STANDARD = "gnu++20";
				CLANG_ENABLE_MODULES = YES;
				CLANG_ENABLE_OBJC_ARC = YES;
				CLANG_ENABLE_OBJC_WEAK = YES;
				CLANG_WARN_BLOCK_CAPTURE_AUTORELEASING = YES;
				CLANG_WARN_BOOL_CONVERSION = YES;
				CLANG_WARN_COMMA = YES;
				CLANG_WARN_CONSTANT_CONVERSION = YES;
				CLANG_WARN_DEPRECATED_OBJC_IMPLEMENTATIONS = YES;
				CLANG_WARN_DIRECT_OBJC_ISA_USAGE = YES_ERROR;
				CLANG_WARN_DOCUMENTATION_COMMENTS = YES;
				CLANG_WARN_EMPTY_BODY = YES;
				CLANG_WARN_ENUM_CONVERSION = YES;
				CLANG_WARN_INFINITE_RECURSION = YES;
				CLANG_WARN_INT_CONVERSION = YES;
				CLANG_WARN_NON_LITERAL_NULL_CONVERSION = YES;
				CLANG_WARN_OBJC_IMPLICIT_RETAIN_SELF = YES;
				CLANG_WARN_OBJC_LITERAL_CONVERSION = YES;
				CLANG_WARN_OBJC_ROOT_CLASS = YES_ERROR;
				CLANG_WARN_QUOTED_INCLUDE_IN_FRAMEWORK_HEADER = YES;
				CLANG_WARN_RANGE_LOOP_ANALYSIS = YES;
				CLANG_WARN_STRICT_PROTOTYPES = YES;
				CLANG_WARN_SUSPICIOUS_MOVE = YES;
				CLANG_WARN_UNGUARDED_AVAILABILITY = YES_AGGRESSIVE;
				CLANG_WARN_UNREACHABLE_CODE = YES;
				CLANG_WARN__DUPLICATE_METHOD_MATCH = YES;
				COPY_PHASE_STRIP = NO;
				DEBUG_INFORMATION_FORMAT = dwarf;
				ENABLE_STRICT_OBJC_MSGSEND = YES;
				ENABLE_TESTABILITY = YES;
				GCC_C_LANGUAGE_STANDARD = gnu11;
				GCC_DYNAMIC_NO_PIC = NO;
				GCC_NO_COMMON_BLOCKS = YES;
				GCC_OPTIMIZATION_LEVEL = 0;
				GCC_PREPROCESSOR_DEFINITIONS = (
					"DEBUG=1",
					"$(inherited)",
				);
				GCC_WARN_64_TO_32_BIT_CONVERSION = YES;
				GCC_WARN_ABOUT_RETURN_TYPE = YES_ERROR;
				GCC_WARN_UNDECLARED_SELECTOR = YES;
				GCC_WARN_UNINITIALIZED_AUTOS = YES_AGGRESSIVE;
				GCC_WARN_UNUSED_FUNCTION = YES;
				GCC_WARN_UNUSED_VARIABLE = YES;
				GENERATE_INFOPLIST_FILE = YES;
				MTL_ENABLE_DEBUG_INFO = INCLUDE_SOURCE;
				MTL_FAST_MATH = YES;
				ONLY_ACTIVE_ARCH = YES;
				SWIFT_ACTIVE_COMPILATION_CONDITIONS = DEBUG;
				SWIFT_OPTIMIZATION_LEVEL = "-Onone";
			};
			name = Debug;
		};
		88577ADC2E734E1500078321 /* Release */ = {
			isa = XCBuildConfiguration;
			buildSettings = {
				ALWAYS_SEARCH_USER_PATHS = NO;
				CLANG_ANALYZER_NONNULL = YES;
				CLANG_ANALYZER_NUMBER_OBJECT_CONVERSION = YES_AGGRESSIVE;
				CLANG_CXX_LANGUAGE_STANDARD = "gnu++20";
				CLANG_ENABLE_MODULES = YES;
				CLANG_ENABLE_OBJC_ARC = YES;
				CLANG_ENABLE_OBJC_WEAK = YES;
				CLANG_WARN_BLOCK_CAPTURE_AUTORELEASING = YES;
				CLANG_WARN_BOOL_CONVERSION = YES;
				CLANG_WARN_COMMA = YES;
				CLANG_WARN_CONSTANT_CONVERSION = YES;
				CLANG_WARN_DEPRECATED_OBJC_IMPLEMENTATIONS = YES;
				CLANG_WARN_DIRECT_OBJC_ISA_USAGE = YES_ERROR;
				CLANG_WARN_DOCUMENTATION_COMMENTS = YES;
				CLANG_WARN_EMPTY_BODY = YES;
				CLANG_WARN_ENUM_CONVERSION = YES;
				CLANG_WARN_INFINITE_RECURSION = YES;
				CLANG_WARN_INT_CONVERSION = YES;
				CLANG_WARN_NON_LITERAL_NULL_CONVERSION = YES;
				CLANG_WARN_OBJC_IMPLICIT_RETAIN_SELF = YES;
				CLANG_WARN_OBJC_LITERAL_CONVERSION = YES;
				CLANG_WARN_OBJC_ROOT_CLASS = YES_ERROR;
				CLANG_WARN_QUOTED_INCLUDE_IN_FRAMEWORK_HEADER = YES;
				CLANG_WARN_RANGE_LOOP_ANALYSIS = YES;
				CLANG_WARN_STRICT_PROTOTYPES = YES;
				CLANG_WARN_SUSPICIOUS_MOVE = YES;
				CLANG_WARN_UNGUARDED_AVAILABILITY = YES_AGGRESSIVE;
				CLANG_WARN_UNREACHABLE_CODE = YES;
				CLANG_WARN__DUPLICATE_METHOD_MATCH = YES;
				COPY_PHASE_STRIP = NO;
				DEBUG_INFORMATION_FORMAT = "dwarf-with-dsym";
				ENABLE_NS_ASSERTIONS = NO;
				ENABLE_STRICT_OBJC_MSGSEND = YES;
				GCC_C_LANGUAGE_STANDARD = gnu11;
				GCC_NO_COMMON_BLOCKS = YES;
				GCC_WARN_64_TO_32_BIT_CONVERSION = YES;
				GCC_WARN_ABOUT_RETURN_TYPE = YES_ERROR;
				GCC_WARN_UNDECLARED_SELECTOR = YES;
				GCC_WARN_UNINITIALIZED_AUTOS = YES_AGGRESSIVE;
				GCC_WARN_UNUSED_FUNCTION = YES;
				GCC_WARN_UNUSED_VARIABLE = YES;
				GENERATE_INFOPLIST_FILE = YES;
				MTL_ENABLE_DEBUG_INFO = NO;
				MTL_FAST_MATH = YES;
				SWIFT_COMPILATION_MODE = wholemodule;
				SWIFT_OPTIMIZATION_LEVEL = "-O";
			};
			name = Release;
		};
		88577ADE2E734E1500078321 /* Debug */ = {
			isa = XCBuildConfiguration;
			buildSettings = {
				ASSETCATALOG_COMPILER_APPICON_NAME = AppIcon;
				ASSETCATALOG_COMPILER_GLOBAL_ACCENT_COLOR_NAME = AccentColor;
				CODE_SIGN_ENTITLEMENTS = MyiOSApp/MyiOSApp.entitlements;
				"CODE_SIGN_IDENTITY[sdk=macosx*]" = "Apple Development";
				CODE_SIGN_STYLE = Automatic;
				CURRENT_PROJECT_VERSION = 1;
				DEVELOPMENT_ASSET_PATHS = "\"MyiOSApp/Preview Content\"";
				DEVELOPMENT_TEAM = 8UT7U3MV6X;
				ENABLE_PREVIEWS = YES;
				GENERATE_INFOPLIST_FILE = YES;
				"INFOPLIST_KEY_UIApplicationSceneManifest_Generation[sdk=iphoneos*]" = YES;
				"INFOPLIST_KEY_UIApplicationSceneManifest_Generation[sdk=iphonesimulator*]" = YES;
				"INFOPLIST_KEY_UIApplicationSupportsIndirectInputEvents[sdk=iphoneos*]" = YES;
				"INFOPLIST_KEY_UIApplicationSupportsIndirectInputEvents[sdk=iphonesimulator*]" = YES;
				"INFOPLIST_KEY_UILaunchScreen_Generation[sdk=iphoneos*]" = YES;
				"INFOPLIST_KEY_UILaunchScreen_Generation[sdk=iphonesimulator*]" = YES;
				"INFOPLIST_KEY_UIStatusBarStyle[sdk=iphoneos*]" = UIStatusBarStyleDefault;
				"INFOPLIST_KEY_UIStatusBarStyle[sdk=iphonesimulator*]" = UIStatusBarStyleDefault;
				INFOPLIST_KEY_UISupportedInterfaceOrientations_iPad = "UIInterfaceOrientationPortrait UIInterfaceOrientationPortraitUpsideDown UIInterfaceOrientationLandscapeLeft UIInterfaceOrientationLandscapeRight";
				INFOPLIST_KEY_UISupportedInterfaceOrientations_iPhone = "UIInterfaceOrientationPortrait UIInterfaceOrientationLandscapeLeft UIInterfaceOrientationLandscapeRight";
				IPHONEOS_DEPLOYMENT_TARGET = 16.2;
				LD_RUNPATH_SEARCH_PATHS = "@executable_path/Frameworks";
				"LD_RUNPATH_SEARCH_PATHS[sdk=macosx*]" = "@executable_path/../Frameworks";
				MACOSX_DEPLOYMENT_TARGET = 12.7;
				MARKETING_VERSION = 1.0;
				PRODUCT_BUNDLE_IDENTIFIER = tochi.MyiOSApp;
				PRODUCT_NAME = "$(TARGET_NAME)";
				SDKROOT = auto;
				SUPPORTED_PLATFORMS = "iphoneos iphonesimulator macosx";
				SWIFT_EMIT_LOC_STRINGS = YES;
				SWIFT_VERSION = 5.0;
				TARGETED_DEVICE_FAMILY = "1,2";
			};
			name = Debug;
		};
		88577ADF2E734E1500078321 /* Release */ = {
			isa = XCBuildConfiguration;
			buildSettings = {
				ASSETCATALOG_COMPILER_APPICON_NAME = AppIcon;
				ASSETCATALOG_COMPILER_GLOBAL_ACCENT_COLOR_NAME = AccentColor;
				CODE_SIGN_ENTITLEMENTS = MyiOSApp/MyiOSApp.entitlements;
				"CODE_SIGN_IDENTITY[sdk=macosx*]" = "Apple Development";
				CODE_SIGN_STYLE = Automatic;
				CURRENT_PROJECT_VERSION = 1;
				DEVELOPMENT_ASSET_PATHS = "\"MyiOSApp/Preview Content\"";
				DEVELOPMENT_TEAM = 8UT7U3MV6X;
				ENABLE_PREVIEWS = YES;
				GENERATE_INFOPLIST_FILE = YES;
				"INFOPLIST_KEY_UIApplicationSceneManifest_Generation[sdk=iphoneos*]" = YES;
				"INFOPLIST_KEY_UIApplicationSceneManifest_Generation[sdk=iphonesimulator*]" = YES;
				"INFOPLIST_KEY_UIApplicationSupportsIndirectInputEvents[sdk=iphoneos*]" = YES;
				"INFOPLIST_KEY_UIApplicationSupportsIndirectInputEvents[sdk=iphonesimulator*]" = YES;
				"INFOPLIST_KEY_UILaunchScreen_Generation[sdk=iphoneos*]" = YES;
				"INFOPLIST_KEY_UILaunchScreen_Generation[sdk=iphonesimulator*]" = YES;
				"INFOPLIST_KEY_UIStatusBarStyle[sdk=iphoneos*]" = UIStatusBarStyleDefault;
				"INFOPLIST_KEY_UIStatusBarStyle[sdk=iphonesimulator*]" = UIStatusBarStyleDefault;
				INFOPLIST_KEY_UISupportedInterfaceOrientations_iPad = "UIInterfaceOrientationPortrait UIInterfaceOrientationPortraitUpsideDown UIInterfaceOrientationLandscapeLeft UIInterfaceOrientationLandscapeRight";
				INFOPLIST_KEY_UISupportedInterfaceOrientations_iPhone = "UIInterfaceOrientationPortrait UIInterfaceOrientationLandscapeLeft UIInterfaceOrientationLandscapeRight";
				IPHONEOS_DEPLOYMENT_TARGET = 16.2;
				LD_RUNPATH_SEARCH_PATHS = "@executable_path/Frameworks";
				"LD_RUNPATH_SEARCH_PATHS[sdk=macosx*]" = "@executable_path/../Frameworks";
				MACOSX_DEPLOYMENT_TARGET = 12.7;
				MARKETING_VERSION = 1.0;
				PRODUCT_BUNDLE_IDENTIFIER = tochi.MyiOSApp;
				PRODUCT_NAME = "$(TARGET_NAME)";
				SDKROOT = auto;
				SUPPORTED_PLATFORMS = "iphoneos iphonesimulator macosx";
				SWIFT_EMIT_LOC_STRINGS = YES;
				SWIFT_VERSION = 5.0;
				TARGETED_DEVICE_FAMILY = "1,2";
			};
			name = Release;
		};
		88577AE12E734E1500078321 /* Debug */ = {
			isa = XCBuildConfiguration;
			buildSettings = {
				ALWAYS_EMBED_SWIFT_STANDARD_LIBRARIES = YES;
				BUNDLE_LOADER = "$(TEST_HOST)";
				CODE_SIGN_STYLE = Automatic;
				CURRENT_PROJECT_VERSION = 1;
				GENERATE_INFOPLIST_FILE = YES;
				IPHONEOS_DEPLOYMENT_TARGET = 16.2;
				MACOSX_DEPLOYMENT_TARGET = 12.7;
				MARKETING_VERSION = 1.0;
				PRODUCT_BUNDLE_IDENTIFIER = tochi.MyiOSAppTests;
				PRODUCT_NAME = "$(TARGET_NAME)";
				SDKROOT = auto;
				SUPPORTED_PLATFORMS = "iphoneos iphonesimulator macosx";
				SWIFT_EMIT_LOC_STRINGS = NO;
				SWIFT_VERSION = 5.0;
				TARGETED_DEVICE_FAMILY = "1,2";
				TEST_HOST = "$(BUILT_PRODUCTS_DIR)/MyiOSApp.app/$(BUNDLE_EXECUTABLE_FOLDER_PATH)/MyiOSApp";
			};
			name = Debug;
		};
		88577AE22E734E1500078321 /* Release */ = {
			isa = XCBuildConfiguration;
			buildSettings = {
				ALWAYS_EMBED_SWIFT_STANDARD_LIBRARIES = YES;
				BUNDLE_LOADER = "$(TEST_HOST)";
				CODE_SIGN_STYLE = Automatic;
				CURRENT_PROJECT_VERSION = 1;
				GENERATE_INFOPLIST_FILE = YES;
				IPHONEOS_DEPLOYMENT_TARGET = 16.2;
				MACOSX_DEPLOYMENT_TARGET = 12.7;
				MARKETING_VERSION = 1.0;
				PRODUCT_BUNDLE_IDENTIFIER = tochi.MyiOSAppTests;
				PRODUCT_NAME = "$(TARGET_NAME)";
				SDKROOT = auto;
				SUPPORTED_PLATFORMS = "iphoneos iphonesimulator macosx";
				SWIFT_EMIT_LOC_STRINGS = NO;
				SWIFT_VERSION = 5.0;
				TARGETED_DEVICE_FAMILY = "1,2";
				TEST_HOST = "$(BUILT_PRODUCTS_DIR)/MyiOSApp.app/$(BUNDLE_EXECUTABLE_FOLDER_PATH)/MyiOSApp";
			};
			name = Release;
		};
		88577AE42E734E1500078321 /* Debug */ = {
			isa = XCBuildConfiguration;
			buildSettings = {
				ALWAYS_EMBED_SWIFT_STANDARD_LIBRARIES = YES;
				CODE_SIGN_STYLE = Automatic;
				CURRENT_PROJECT_VERSION = 1;
				GENERATE_INFOPLIST_FILE = YES;
				IPHONEOS_DEPLOYMENT_TARGET = 16.2;
				MACOSX_DEPLOYMENT_TARGET = 12.7;
				MARKETING_VERSION = 1.0;
				PRODUCT_BUNDLE_IDENTIFIER = tochi.MyiOSAppUITests;
				PRODUCT_NAME = "$(TARGET_NAME)";
				SDKROOT = auto;
				SUPPORTED_PLATFORMS = "iphoneos iphonesimulator macosx";
				SWIFT_EMIT_LOC_STRINGS = NO;
				SWIFT_VERSION = 5.0;
				TARGETED_DEVICE_FAMILY = "1,2";
				TEST_TARGET_NAME = MyiOSApp;
			};
			name = Debug;
		};
		88577AE52E734E1500078321 /* Release */ = {
			isa = XCBuildConfiguration;
			buildSettings = {
				ALWAYS_EMBED_SWIFT_STANDARD_LIBRARIES = YES;
				CODE_SIGN_STYLE = Automatic;
				CURRENT_PROJECT_VERSION = 1;
				GENERATE_INFOPLIST_FILE = YES;
				IPHONEOS_DEPLOYMENT_TARGET = 16.2;
				MACOSX_DEPLOYMENT_TARGET = 12.7;
				MARKETING_VERSION = 1.0;
				PRODUCT_BUNDLE_IDENTIFIER = tochi.MyiOSAppUITests;
				PRODUCT_NAME = "$(TARGET_NAME)";
				SDKROOT = auto;
				SUPPORTED_PLATFORMS = "iphoneos iphonesimulator macosx";
				SWIFT_EMIT_LOC_STRINGS = NO;
				SWIFT_VERSION = 5.0;
				TARGETED_DEVICE_FAMILY = "1,2";
				TEST_TARGET_NAME = MyiOSApp;
			};
			name = Release;
		};
/* End XCBuildConfiguration section */

/* Begin XCConfigurationList section */
		88577AB32E734E1300078321 /* Build configuration list for PBXProject "MyiOSApp" */ = {
			isa = XCConfigurationList;
			buildConfigurations = (
				88577ADB2E734E1500078321 /* Debug */,
				88577ADC2E734E1500078321 /* Release */,
			);
			defaultConfigurationIsVisible = 0;
			defaultConfigurationName = Release;
		};
		88577ADD2E734E1500078321 /* Build configuration list for PBXNativeTarget "MyiOSApp" */ = {
			isa = XCConfigurationList;
			buildConfigurations = (
				88577ADE2E734E1500078321 /* Debug */,
				88577ADF2E734E1500078321 /* Release */,
			);
			defaultConfigurationIsVisible = 0;
			defaultConfigurationName = Release;
		};
		88577AE02E734E1500078321 /* Build configuration list for PBXNativeTarget "MyiOSAppTests" */ = {
			isa = XCConfigurationList;
			buildConfigurations = (
				88577AE12E734E1500078321 /* Debug */,
				88577AE22E734E1500078321 /* Release */,
			);
			defaultConfigurationIsVisible = 0;
			defaultConfigurationName = Release;
		};
		88577AE32E734E1500078321 /* Build configuration list for PBXNativeTarget "MyiOSAppUITests" */ = {
			isa = XCConfigurationList;
			buildConfigurations = (
				88577AE42E734E1500078321 /* Debug */,
				88577AE52E734E1500078321 /* Release */,
			);
			defaultConfigurationIsVisible = 0;
			defaultConfigurationName = Release;
		};
/* End XCConfigurationList section */
	};
	rootObject = 88577AB02E734E1300078321 /* Project object */;
}
